
Microsoft Visual Studio Solution File, Format Version 12.00
# Visual Studio Version 17
VisualStudioVersion = 17.14.36401.2 d17.14
MinimumVisualStudioVersion = 10.0.40219.1
Project("{FAE04EC0-301F-11D3-BF4B-00C04F79EFBC}") = "Networking", "Networking\Networking.csproj", "{16AEA523-0523-4703-9999-FE3DB31EAB52}"
EndProject
Project("{FAE04EC0-301F-11D3-BF4B-00C04F79EFBC}") = "Executive", "Executive\Executive.csproj", "{33FCB84B-1CD0-418E-9F48-4F60077F8899}"
EndProject
Global
	GlobalSection(SolutionConfigurationPlatforms) = preSolution
		Debug|Any CPU = Debug|Any CPU
		Release|Any CPU = Release|Any CPU
	EndGlobalSection
	GlobalSection(ProjectConfigurationPlatforms) = postSolution
		{16AEA523-0523-4703-9999-FE3DB31EAB52}.Debug|Any CPU.ActiveCfg = Debug|Any CPU
		{16AEA523-0523-4703-9999-FE3DB31EAB52}.Debug|Any CPU.Build.0 = Debug|Any CPU
		{16AEA523-0523-4703-9999-FE3DB31EAB52}.Release|Any CPU.ActiveCfg = Release|Any CPU
		{16AEA523-0523-4703-9999-FE3DB31EAB52}.Release|Any CPU.Build.0 = Release|Any CPU
		{33FCB84B-1CD0-418E-9F48-4F60077F8899}.Debug|Any CPU.ActiveCfg = Debug|Any CPU
		{33FCB84B-1CD0-418E-9F48-4F60077F8899}.Debug|Any CPU.Build.0 = Debug|Any CPU
		{33FCB84B-1CD0-418E-9F48-4F60077F8899}.Release|Any CPU.ActiveCfg = Release|Any CPU
		{33FCB84B-1CD0-418E-9F48-4F60077F8899}.Release|Any CPU.Build.0 = Release|Any CPU
	EndGlobalSection
	GlobalSection(SolutionProperties) = preSolution
		HideSolutionNode = FALSE
	EndGlobalSection
	GlobalSection(ExtensibilityGlobals) = postSolution
		SolutionGuid = {3799DBB4-A1AC-4AE3-9764-EF6310441F9B}
	EndGlobalSection
EndGlobal
